{
    "_meta": {
        "hash": {
            "sha256": "1e334d75d5f213c4b1bc2b7498db36bf5dad1c65164dc92854b42be8282c5806"
        },
        "pipfile-spec": 6,
        "requires": {
            "python_version": "3.9"
        },
        "sources": [
            {
                "name": "pypi",
                "url": "https://pypi.org/simple",
                "verify_ssl": true
            }
        ]
    },
    "default": {
        "aiokafka": {
            "hashes": [
                "sha256:1e24839088fd6d3ff481cc09a48ea487b997328df11630bc0a1b88255edbcfe9",
                "sha256:1f43d2afd7d3e4407ada8d754895fad7c344ca00648a8a38418d76564eaaf6cd",
                "sha256:1f6044ed270b946d31f265903b5eb101940ed0ff3a902eaf8178103c943bbcc9",
                "sha256:24373bb2d519abac036d5b04ebc43452ef4ad1916953b6678b9801a9c93ba237",
                "sha256:2fa54b8b068d9d8735cb6757a0f48168f8cf9be68860b0bae6b3ed1684cef49b",
                "sha256:3816bcfc3c57dfa4ed77fe1dc3a9a464e17b6400061348155115f282c8150c47",
                "sha256:45cd28af6590d6a999bb706803166570121ba8a5a0d06c51ebd8a59fab53593c",
                "sha256:4693fbe3c10f125bf3e2df8a8ccbca3eff2bdaaa6589d28c7532c10e7d84598b",
                "sha256:4fccd599ab6b3fda4f4187d854b343f153b40d05d6774be9acf238618da50031",
                "sha256:6421ee81084532f915501074a132acb2afc8cb88bf5ddb11e584230a30f6f006",
                "sha256:673c163dee62dfe45146d5250af0e395da5cc92b63f8878c592abc7dc1862899",
                "sha256:7d327d66b41c4e3bafff7f9efb71936a08f940aa665680717e20862e4272a068",
                "sha256:7f09784322c0d2c4fcc222add4337a5ac394aa30a248eb4e0e4587a125573c75",
                "sha256:90960356513f3979754261b132b12a96b0d9e3c6eb44420e3a90a7c31156a81a",
                "sha256:935da8c4da9a00a1e16020d88e578206097b4bb72ebc2a25fbd2cb817907ef28",
                "sha256:9f19d90b7360bc2239fcd8b147508ae39c3e5b1acfc8e6a2a9b0f306070f7ffe",
                "sha256:a8a641a8102c51422afe111d4bc70c51f335f38fc5906e4c839bd17afeaf3cb2",
                "sha256:af6df9a41e08b61d7e62c0a416feeabd81bad76fa5c70d499b083d6af9ce72c3",
                "sha256:b2bf97548fa77ad31062ca580368d346b16ba9fdca5856c435f256f3699ab12b",
                "sha256:bbffc431d9285328c0bc108949132ae11cec863f1dd5a43a1fc3d45a69ffb8a9",
                "sha256:bf7473c55dc7959d4b7f9d750fa6017b325813d6cb761e488c2d9ea44e922954",
                "sha256:c4332d37cb9d52181cfda4236566b4028c7c188549277f87bcc3027577d72b1b",
                "sha256:d300188e358cd29989c817f6ee2a2965a039e5a71de8ade6f80f02ebb9bd07b8",
                "sha256:fd8f9e17bc9cd2ea664a7f5133aede39a8fffebffe0c450252d475dbdedb4a35",
                "sha256:ff318d29ecbeea8c58d69c91c24d48d7ed4a8d3e829b607e670d118a9a35d5ba"
            ],
            "index": "pypi",
            "version": "==0.8.1"
        },
        "async-timeout": {
            "hashes": [
                "sha256:4640d96be84d82d02ed59ea2b7105a0f7b33abe8703703cd0ab0bf87c427522f",
                "sha256:7405140ff1230c310e51dc27b3145b9092d659ce68ff733fb0cefe3ee42be028"
            ],
            "markers": "python_version >= '3.7'",
            "version": "==4.0.3"
        },
        "kafka-python": {
            "hashes": [
                "sha256:04dfe7fea2b63726cd6f3e79a2d86e709d608d74406638c5da33a01d45a9d7e3",
                "sha256:2d92418c7cb1c298fa6c7f0fb3519b520d0d7526ac6cb7ae2a4fc65a51a94b6e"
            ],
            "version": "==2.0.2"
        },
        "packaging": {
            "hashes": [
                "sha256:994793af429502c4ea2ebf6bf664629d07c1a9fe974af92966e4b8d2df7edc61",
                "sha256:a392980d2b6cffa644431898be54b0045151319d1e7ec34f0cfed48767dd334f"
            ],
            "markers": "python_version >= '3.7'",
            "version": "==23.1"
        },
        "redis": {
            "hashes": [
                "sha256:0dab495cd5753069d3bc650a0dde8a8f9edde16fc5691b689a566eda58100d0f",
                "sha256:ed4802971884ae19d640775ba3b03aa2e7bd5e8fb8dfaed2decce4d0fc48391f"
            ],
            "index": "pypi",
            "version": "==5.0.1"
        }
    },
    "develop": {}
}
